
Microsoft Visual Studio Solution File, Format Version 12.00
Project("{FAE04EC0-301F-11D3-BF4B-00C04F79EFBC}") = "TripleT.User.Application", "TripleT.User.Application\TripleT.User.Application.csproj", "{1FC74B01-24FB-4CCF-8F26-7196CEE50CEA}"
EndProject
Project("{FAE04EC0-301F-11D3-BF4B-00C04F79EFBC}") = "TripleT.User.Domain", "TripleT.User.Domain\TripleT.User.Domain.csproj", "{EEE2077F-7413-4D4A-999B-E8E771F42B02}"
EndProject
Project("{FAE04EC0-301F-11D3-BF4B-00C04F79EFBC}") = "TripleT.User.Infrastructure", "TripleT.User.Infrastructure\TripleT.User.Infrastructure.csproj", "{2A7655E3-1F26-49F4-979C-D63D1E753270}"
EndProject
Project("{FAE04EC0-301F-11D3-BF4B-00C04F79EFBC}") = "TripleT.User.Lambda", "TripleT.User.Lambda\TripleT.User.Lambda.csproj", "{92F7A0B7-0A01-46FE-9A26-932F4CADD590}"
EndProject
Global
	GlobalSection(SolutionConfigurationPlatforms) = preSolution
		Debug|Any CPU = Debug|Any CPU
		Release|Any CPU = Release|Any CPU
	EndGlobalSection
	GlobalSection(ProjectConfigurationPlatforms) = postSolution
		{1FC74B01-24FB-4CCF-8F26-7196CEE50CEA}.Debug|Any CPU.ActiveCfg = Debug|Any CPU
		{1FC74B01-24FB-4CCF-8F26-7196CEE50CEA}.Debug|Any CPU.Build.0 = Debug|Any CPU
		{1FC74B01-24FB-4CCF-8F26-7196CEE50CEA}.Release|Any CPU.ActiveCfg = Release|Any CPU
		{1FC74B01-24FB-4CCF-8F26-7196CEE50CEA}.Release|Any CPU.Build.0 = Release|Any CPU
		{EEE2077F-7413-4D4A-999B-E8E771F42B02}.Debug|Any CPU.ActiveCfg = Debug|Any CPU
		{EEE2077F-7413-4D4A-999B-E8E771F42B02}.Debug|Any CPU.Build.0 = Debug|Any CPU
		{EEE2077F-7413-4D4A-999B-E8E771F42B02}.Release|Any CPU.ActiveCfg = Release|Any CPU
		{EEE2077F-7413-4D4A-999B-E8E771F42B02}.Release|Any CPU.Build.0 = Release|Any CPU
		{2A7655E3-1F26-49F4-979C-D63D1E753270}.Debug|Any CPU.ActiveCfg = Debug|Any CPU
		{2A7655E3-1F26-49F4-979C-D63D1E753270}.Debug|Any CPU.Build.0 = Debug|Any CPU
		{2A7655E3-1F26-49F4-979C-D63D1E753270}.Release|Any CPU.ActiveCfg = Release|Any CPU
		{2A7655E3-1F26-49F4-979C-D63D1E753270}.Release|Any CPU.Build.0 = Release|Any CPU
		{92F7A0B7-0A01-46FE-9A26-932F4CADD590}.Debug|Any CPU.ActiveCfg = Debug|Any CPU
		{92F7A0B7-0A01-46FE-9A26-932F4CADD590}.Debug|Any CPU.Build.0 = Debug|Any CPU
		{92F7A0B7-0A01-46FE-9A26-932F4CADD590}.Release|Any CPU.ActiveCfg = Release|Any CPU
		{92F7A0B7-0A01-46FE-9A26-932F4CADD590}.Release|Any CPU.Build.0 = Release|Any CPU
	EndGlobalSection
EndGlobal
