
Microsoft Visual Studio Solution File, Format Version 12.00
# Visual Studio Version 16
VisualStudioVersion = 16.0.30804.86
MinimumVisualStudioVersion = 10.0.40219.1
Project("{9A19103F-16F7-4668-BE54-9A1E7A4F7556}") = "TripleT.API", "TripleT.API\TripleT.API.csproj", "{BD8F9D67-617A-4DA8-80F6-18B5E39F4889}"
EndProject
Project("{9A19103F-16F7-4668-BE54-9A1E7A4F7556}") = "TripleT.Application", "TripleT.Application\TripleT.Application.csproj", "{FDC05427-4EF6-4254-9967-C5F31B5BC7CB}"
EndProject
Project("{9A19103F-16F7-4668-BE54-9A1E7A4F7556}") = "TripleT.Domain", "TripleT.Domain\TripleT.Domain.csproj", "{B9CAD9A0-31F1-4B1C-946A-079E323C9D8D}"
EndProject
Project("{9A19103F-16F7-4668-BE54-9A1E7A4F7556}") = "TripleT.Infrastructure", "TripleT.Infrastructure\TripleT.Infrastructure.csproj", "{CE234672-4CA3-4FD8-B61E-BE389C14E987}"
EndProject
Project("{2150E333-8FDC-42A3-9474-1A3956D46DE8}") = "UnitTests", "UnitTests", "{D6E6292D-EF3E-4AB6-BCCE-595EB0ADCEE1}"
EndProject
Project("{9A19103F-16F7-4668-BE54-9A1E7A4F7556}") = "TripleT.UnitTests", "TripleT.UnitTests\TripleT.UnitTests.csproj", "{A80CC17C-6576-4AB5-BEF9-6C081513671E}"
EndProject
Global
	GlobalSection(SolutionConfigurationPlatforms) = preSolution
		Debug|Any CPU = Debug|Any CPU
		Release|Any CPU = Release|Any CPU
	EndGlobalSection
	GlobalSection(ProjectConfigurationPlatforms) = postSolution
		{BD8F9D67-617A-4DA8-80F6-18B5E39F4889}.Debug|Any CPU.ActiveCfg = Debug|Any CPU
		{BD8F9D67-617A-4DA8-80F6-18B5E39F4889}.Debug|Any CPU.Build.0 = Debug|Any CPU
		{BD8F9D67-617A-4DA8-80F6-18B5E39F4889}.Release|Any CPU.ActiveCfg = Release|Any CPU
		{BD8F9D67-617A-4DA8-80F6-18B5E39F4889}.Release|Any CPU.Build.0 = Release|Any CPU
		{FDC05427-4EF6-4254-9967-C5F31B5BC7CB}.Debug|Any CPU.ActiveCfg = Debug|Any CPU
		{FDC05427-4EF6-4254-9967-C5F31B5BC7CB}.Debug|Any CPU.Build.0 = Debug|Any CPU
		{FDC05427-4EF6-4254-9967-C5F31B5BC7CB}.Release|Any CPU.ActiveCfg = Release|Any CPU
		{FDC05427-4EF6-4254-9967-C5F31B5BC7CB}.Release|Any CPU.Build.0 = Release|Any CPU
		{B9CAD9A0-31F1-4B1C-946A-079E323C9D8D}.Debug|Any CPU.ActiveCfg = Debug|Any CPU
		{B9CAD9A0-31F1-4B1C-946A-079E323C9D8D}.Debug|Any CPU.Build.0 = Debug|Any CPU
		{B9CAD9A0-31F1-4B1C-946A-079E323C9D8D}.Release|Any CPU.ActiveCfg = Release|Any CPU
		{B9CAD9A0-31F1-4B1C-946A-079E323C9D8D}.Release|Any CPU.Build.0 = Release|Any CPU
		{CE234672-4CA3-4FD8-B61E-BE389C14E987}.Debug|Any CPU.ActiveCfg = Debug|Any CPU
		{CE234672-4CA3-4FD8-B61E-BE389C14E987}.Debug|Any CPU.Build.0 = Debug|Any CPU
		{CE234672-4CA3-4FD8-B61E-BE389C14E987}.Release|Any CPU.ActiveCfg = Release|Any CPU
		{CE234672-4CA3-4FD8-B61E-BE389C14E987}.Release|Any CPU.Build.0 = Release|Any CPU
		{A80CC17C-6576-4AB5-BEF9-6C081513671E}.Debug|Any CPU.ActiveCfg = Debug|Any CPU
		{A80CC17C-6576-4AB5-BEF9-6C081513671E}.Debug|Any CPU.Build.0 = Debug|Any CPU
		{A80CC17C-6576-4AB5-BEF9-6C081513671E}.Release|Any CPU.ActiveCfg = Release|Any CPU
		{A80CC17C-6576-4AB5-BEF9-6C081513671E}.Release|Any CPU.Build.0 = Release|Any CPU
	EndGlobalSection
	GlobalSection(SolutionProperties) = preSolution
		HideSolutionNode = FALSE
	EndGlobalSection
	GlobalSection(NestedProjects) = preSolution
		{A80CC17C-6576-4AB5-BEF9-6C081513671E} = {D6E6292D-EF3E-4AB6-BCCE-595EB0ADCEE1}
	EndGlobalSection
	GlobalSection(ExtensibilityGlobals) = postSolution
		SolutionGuid = {97DD19EA-3D45-4CD1-AD5D-CF9B3650CDA5}
	EndGlobalSection
EndGlobal
